
Microsoft Visual Studio Solution File, Format Version 12.00
# Visual Studio 2012
Project("{FAE04EC0-301F-11D3-BF4B-00C04F79EFBC}") = "Wetglad", "Wetglad\Wetglad.csproj", "{1BC208FF-61CB-4636-8B01-2549656D4E88}"
EndProject
Global
	GlobalSection(SolutionConfigurationPlatforms) = preSolution
		Debug|x86 = Debug|x86
		Release|x86 = Release|x86
	EndGlobalSection
	GlobalSection(ProjectConfigurationPlatforms) = postSolution
		{1BC208FF-61CB-4636-8B01-2549656D4E88}.Debug|x86.ActiveCfg = Debug|x86
		{1BC208FF-61CB-4636-8B01-2549656D4E88}.Debug|x86.Build.0 = Debug|x86
		{1BC208FF-61CB-4636-8B01-2549656D4E88}.Release|x86.ActiveCfg = Release|x86
		{1BC208FF-61CB-4636-8B01-2549656D4E88}.Release|x86.Build.0 = Release|x86
	EndGlobalSection
	GlobalSection(MonoDevelopProperties) = preSolution
		StartupItem = Wetglad\Wetglad.csproj
	EndGlobalSection
EndGlobal
